
Microsoft Visual Studio Solution File, Format Version 12.00
# Visual Studio Version 17
VisualStudioVersion = 17.0.32112.339
MinimumVisualStudioVersion = 10.0.40219.1
Project("{FAE04EC0-301F-11D3-BF4B-00C04F79EFBC}") = "Vehicles.Common", "Vehicles.Common\Vehicles.Common.csproj", "{C2E78BFB-3A1D-4B57-82FF-52A171E1D944}"
EndProject
Project("{FAE04EC0-301F-11D3-BF4B-00C04F79EFBC}") = "Vehicles.API", "Vehicles.API\Vehicles.API.csproj", "{0F108A65-0479-4FFE-A263-DB7857C2AC24}"
EndProject
Global
	GlobalSection(SolutionConfigurationPlatforms) = preSolution
		Debug|Any CPU = Debug|Any CPU
		Release|Any CPU = Release|Any CPU
	EndGlobalSection
	GlobalSection(ProjectConfigurationPlatforms) = postSolution
		{C2E78BFB-3A1D-4B57-82FF-52A171E1D944}.Debug|Any CPU.ActiveCfg = Debug|Any CPU
		{C2E78BFB-3A1D-4B57-82FF-52A171E1D944}.Debug|Any CPU.Build.0 = Debug|Any CPU
		{C2E78BFB-3A1D-4B57-82FF-52A171E1D944}.Release|Any CPU.ActiveCfg = Release|Any CPU
		{C2E78BFB-3A1D-4B57-82FF-52A171E1D944}.Release|Any CPU.Build.0 = Release|Any CPU
		{0F108A65-0479-4FFE-A263-DB7857C2AC24}.Debug|Any CPU.ActiveCfg = Debug|Any CPU
		{0F108A65-0479-4FFE-A263-DB7857C2AC24}.Debug|Any CPU.Build.0 = Debug|Any CPU
		{0F108A65-0479-4FFE-A263-DB7857C2AC24}.Release|Any CPU.ActiveCfg = Release|Any CPU
		{0F108A65-0479-4FFE-A263-DB7857C2AC24}.Release|Any CPU.Build.0 = Release|Any CPU
	EndGlobalSection
	GlobalSection(SolutionProperties) = preSolution
		HideSolutionNode = FALSE
	EndGlobalSection
	GlobalSection(ExtensibilityGlobals) = postSolution
		SolutionGuid = {8FF9B17A-3F5F-4F96-8B5A-23B3478C3086}
	EndGlobalSection
EndGlobal
